{
	"name": "CodeStream_Outbound_Email_Server",
	"requires": true,
	"lockfileVersion": 1,
	"dependencies": {
		"addressparser": {
			"version": "1.0.1",
			"resolved": "https://registry.npmjs.org/addressparser/-/addressparser-1.0.1.tgz",
			"integrity": "sha1-R6++GiqSYhkdtoOOT9HTm0CCF0Y="
		},
		"agent-base": {
			"version": "4.2.1",
			"resolved": "https://registry.npmjs.org/agent-base/-/agent-base-4.2.1.tgz",
			"integrity": "sha512-JVwXMr9nHYTUXsBFKUqhJwvlcYU/blreOEUkhNR2eXZIvwd+c+o5V4MgDPKWnMS/56awN3TRzIP+KoPn+roQtg==",
			"requires": {
				"es6-promisify": "^5.0.0"
			}
		},
		"agentkeepalive": {
			"version": "3.5.1",
			"resolved": "https://registry.npmjs.org/agentkeepalive/-/agentkeepalive-3.5.1.tgz",
			"integrity": "sha512-Cte/sTY9/XcygXjJ0q58v//SnEQ7ViWExKyJpLJlLqomDbQyMLh6Is4KuWJ/wmxzhiwkGRple7Gqv1zf6Syz5w==",
			"requires": {
				"humanize-ms": "^1.2.1"
			}
		},
		"ast-types": {
			"version": "0.11.5",
			"resolved": "https://registry.npmjs.org/ast-types/-/ast-types-0.11.5.tgz",
			"integrity": "sha512-oJjo+5e7/vEc2FBK8gUalV0pba4L3VdBIs2EKhOLHLcOd2FgQIVQN9xb0eZ9IjEWyAL7vq6fGJxOvVvdCHNyMw=="
		},
		"async.ensureasync": {
			"version": "0.5.2",
			"resolved": "https://registry.npmjs.org/async.ensureasync/-/async.ensureasync-0.5.2.tgz",
			"integrity": "sha1-w8fkpOmzHZaHXVa4UEWYRG4eMF0=",
			"requires": {
				"async.util.ensureasync": "0.5.2"
			}
		},
		"async.queue": {
			"version": "0.5.2",
			"resolved": "https://registry.npmjs.org/async.queue/-/async.queue-0.5.2.tgz",
			"integrity": "sha1-jV2QgS4UgQZrwJBOjMFxKxfDvXw=",
			"requires": {
				"async.util.queue": "0.5.2"
			}
		},
		"async.util.arrayeach": {
			"version": "0.5.2",
			"resolved": "https://registry.npmjs.org/async.util.arrayeach/-/async.util.arrayeach-0.5.2.tgz",
			"integrity": "sha1-WMTpgCjVXWm/sFrrOvROClVagpw="
		},
		"async.util.ensureasync": {
			"version": "0.5.2",
			"resolved": "https://registry.npmjs.org/async.util.ensureasync/-/async.util.ensureasync-0.5.2.tgz",
			"integrity": "sha1-EJB/LL0GegYfma5tIuCM7TDbDWg=",
			"requires": {
				"async.util.restparam": "0.5.2",
				"async.util.setimmediate": "0.5.2"
			}
		},
		"async.util.isarray": {
			"version": "0.5.2",
			"resolved": "https://registry.npmjs.org/async.util.isarray/-/async.util.isarray-0.5.2.tgz",
			"integrity": "sha1-5i2sjyY29lh13PdSHC0k0N+yu98="
		},
		"async.util.map": {
			"version": "0.5.2",
			"resolved": "https://registry.npmjs.org/async.util.map/-/async.util.map-0.5.2.tgz",
			"integrity": "sha1-5YjvhuCzq18CfZevTWg10FXKadY="
		},
		"async.util.noop": {
			"version": "0.5.2",
			"resolved": "https://registry.npmjs.org/async.util.noop/-/async.util.noop-0.5.2.tgz",
			"integrity": "sha1-vdYrl8sKo/YLWGrRSEaGmJdeWLk="
		},
		"async.util.onlyonce": {
			"version": "0.5.2",
			"resolved": "https://registry.npmjs.org/async.util.onlyonce/-/async.util.onlyonce-0.5.2.tgz",
			"integrity": "sha1-uOb8AErckjFk154y8oE+5GXCT/I="
		},
		"async.util.queue": {
			"version": "0.5.2",
			"resolved": "https://registry.npmjs.org/async.util.queue/-/async.util.queue-0.5.2.tgz",
			"integrity": "sha1-V/Zavho83yc9MavSirlUJfgiLuU=",
			"requires": {
				"async.util.arrayeach": "0.5.2",
				"async.util.isarray": "0.5.2",
				"async.util.map": "0.5.2",
				"async.util.noop": "0.5.2",
				"async.util.onlyonce": "0.5.2",
				"async.util.setimmediate": "0.5.2"
			}
		},
		"async.util.restparam": {
			"version": "0.5.2",
			"resolved": "https://registry.npmjs.org/async.util.restparam/-/async.util.restparam-0.5.2.tgz",
			"integrity": "sha1-A+/r88Ane5ciDlJaunUPXgT8gM0="
		},
		"async.util.setimmediate": {
			"version": "0.5.2",
			"resolved": "https://registry.npmjs.org/async.util.setimmediate/-/async.util.setimmediate-0.5.2.tgz",
			"integrity": "sha1-KBLrq/KlgCd1jUvHeT0cz68QJV8="
		},
		"asynckit": {
			"version": "0.4.0",
			"resolved": "https://registry.npmjs.org/asynckit/-/asynckit-0.4.0.tgz",
			"integrity": "sha1-x57Zf380y48robyXkLzDZkdLS3k="
		},
		"bottleneck": {
			"version": "1.16.0",
			"resolved": "https://registry.npmjs.org/bottleneck/-/bottleneck-1.16.0.tgz",
			"integrity": "sha1-1s4TgIUnr8gLaQkvFWBmVeWyHxo="
		},
		"bson": {
			"version": "1.0.9",
			"resolved": "https://registry.npmjs.org/bson/-/bson-1.0.9.tgz",
			"integrity": "sha512-IQX9/h7WdMBIW/q/++tGd+emQr0XMdeZ6icnT/74Xk9fnabWn+gZgpE+9V+gujL3hhJOoNrnDVY7tWdzc7NUTg=="
		},
		"buffer-shims": {
			"version": "1.0.0",
			"resolved": "https://registry.npmjs.org/buffer-shims/-/buffer-shims-1.0.0.tgz",
			"integrity": "sha1-mXjOMXOIxkmth5MCjDR37wRKi1E="
		},
		"bytes": {
			"version": "3.0.0",
			"resolved": "https://registry.npmjs.org/bytes/-/bytes-3.0.0.tgz",
			"integrity": "sha1-0ygVQE1olpn4Wk6k+odV3ROpYEg="
		},
		"co": {
			"version": "4.6.0",
			"resolved": "https://registry.npmjs.org/co/-/co-4.6.0.tgz",
			"integrity": "sha1-bqa989hTrlTMuOR7+gvz+QMfsYQ="
		},
		"combined-stream": {
			"version": "1.0.6",
			"resolved": "https://registry.npmjs.org/combined-stream/-/combined-stream-1.0.6.tgz",
			"integrity": "sha1-cj599ugBrFYTETp+RFqbactjKBg=",
			"requires": {
				"delayed-stream": "~1.0.0"
			}
		},
		"component-emitter": {
			"version": "1.2.1",
			"resolved": "https://registry.npmjs.org/component-emitter/-/component-emitter-1.2.1.tgz",
			"integrity": "sha1-E3kY1teCg/ffemt8WmPhQOaUJeY="
		},
		"cookiejar": {
			"version": "2.1.2",
			"resolved": "https://registry.npmjs.org/cookiejar/-/cookiejar-2.1.2.tgz",
			"integrity": "sha512-Mw+adcfzPxcPeI+0WlvRrr/3lGVO0bD75SxX6811cxSh1Wbxx7xZBGK1eVtDf6si8rg2lhnUjsVLMFMfbRIuwA=="
		},
		"core-util-is": {
			"version": "1.0.2",
			"resolved": "https://registry.npmjs.org/core-util-is/-/core-util-is-1.0.2.tgz",
			"integrity": "sha1-tf1UIgqivFq1eqtxQMlAdUUDwac="
		},
		"data-uri-to-buffer": {
			"version": "1.2.0",
			"resolved": "https://registry.npmjs.org/data-uri-to-buffer/-/data-uri-to-buffer-1.2.0.tgz",
			"integrity": "sha512-vKQ9DTQPN1FLYiiEEOQ6IBGFqvjCa5rSK3cWMy/Nespm5d/x3dGFT9UBZnkLxCwua/IXBi2TYnwTEpsOvhC4UQ=="
		},
		"debug": {
			"version": "3.2.5",
			"resolved": "https://registry.npmjs.org/debug/-/debug-3.2.5.tgz",
			"integrity": "sha512-D61LaDQPQkxJ5AUM2mbSJRbPkNs/TmdmOeLAi1hgDkpDfIfetSrjmWhccwtuResSwMbACjx/xXQofvM9CE/aeg==",
			"requires": {
				"ms": "^2.1.1"
			}
		},
		"deep-is": {
			"version": "0.1.3",
			"resolved": "https://registry.npmjs.org/deep-is/-/deep-is-0.1.3.tgz",
			"integrity": "sha1-s2nW+128E+7PUk+RsHD+7cNXzzQ="
		},
		"degenerator": {
			"version": "1.0.4",
			"resolved": "https://registry.npmjs.org/degenerator/-/degenerator-1.0.4.tgz",
			"integrity": "sha1-/PSQo37OJmRk2cxDGrmMWBnO0JU=",
			"requires": {
				"ast-types": "0.x.x",
				"escodegen": "1.x.x",
				"esprima": "3.x.x"
			},
			"dependencies": {
				"esprima": {
					"version": "3.1.3",
					"resolved": "https://registry.npmjs.org/esprima/-/esprima-3.1.3.tgz",
					"integrity": "sha1-/cpRzuYTOJXjyI1TXOSdv/YqRjM="
				}
			}
		},
		"delayed-stream": {
			"version": "1.0.0",
			"resolved": "https://registry.npmjs.org/delayed-stream/-/delayed-stream-1.0.0.tgz",
			"integrity": "sha1-3zrhmayt+31ECqrgsp4icrJOxhk="
		},
		"depd": {
			"version": "1.1.2",
			"resolved": "https://registry.npmjs.org/depd/-/depd-1.1.2.tgz",
			"integrity": "sha1-m81S4UwJd2PnSbJ0xDRu0uVgtak="
		},
		"encoding": {
			"version": "0.1.12",
			"resolved": "https://registry.npmjs.org/encoding/-/encoding-0.1.12.tgz",
			"integrity": "sha1-U4tm8+5izRq1HsMjgp0flIDHS+s=",
			"requires": {
				"iconv-lite": "~0.4.13"
			}
		},
		"es6-promise": {
			"version": "3.2.1",
			"resolved": "http://registry.npmjs.org/es6-promise/-/es6-promise-3.2.1.tgz",
			"integrity": "sha1-7FYjOGgDKQkgcXDDlEjiREndH8Q="
		},
		"es6-promisify": {
			"version": "5.0.0",
			"resolved": "https://registry.npmjs.org/es6-promisify/-/es6-promisify-5.0.0.tgz",
			"integrity": "sha1-UQnWLz5W6pZ8S2NQWu8IKRyKUgM=",
			"requires": {
				"es6-promise": "^4.0.3"
			},
			"dependencies": {
				"es6-promise": {
					"version": "4.2.5",
					"resolved": "https://registry.npmjs.org/es6-promise/-/es6-promise-4.2.5.tgz",
					"integrity": "sha512-n6wvpdE43VFtJq+lUDYDBFUwV8TZbuGXLV4D6wKafg13ldznKsyEvatubnmUe31zcvelSzOHF+XbaT+Bl9ObDg=="
				}
			}
		},
		"escape-string-regexp": {
			"version": "1.0.5",
			"resolved": "https://registry.npmjs.org/escape-string-regexp/-/escape-string-regexp-1.0.5.tgz",
			"integrity": "sha1-G2HAViGQqN/2rjuyzwIAyhMLhtQ="
		},
		"escodegen": {
			"version": "1.11.0",
			"resolved": "https://registry.npmjs.org/escodegen/-/escodegen-1.11.0.tgz",
			"integrity": "sha512-IeMV45ReixHS53K/OmfKAIztN/igDHzTJUhZM3k1jMhIZWjk45SMwAtBsEXiJp3vSPmTcu6CXn7mDvFHRN66fw==",
			"requires": {
				"esprima": "^3.1.3",
				"estraverse": "^4.2.0",
				"esutils": "^2.0.2",
				"optionator": "^0.8.1",
				"source-map": "~0.6.1"
			},
			"dependencies": {
				"esprima": {
					"version": "3.1.3",
					"resolved": "https://registry.npmjs.org/esprima/-/esprima-3.1.3.tgz",
					"integrity": "sha1-/cpRzuYTOJXjyI1TXOSdv/YqRjM="
				}
			}
		},
		"estraverse": {
			"version": "4.2.0",
			"resolved": "https://registry.npmjs.org/estraverse/-/estraverse-4.2.0.tgz",
			"integrity": "sha1-De4/7TH81GlhjOc0IJn8GvoL2xM="
		},
		"esutils": {
			"version": "2.0.2",
			"resolved": "https://registry.npmjs.org/esutils/-/esutils-2.0.2.tgz",
			"integrity": "sha1-Cr9PHKpbyx96nYrMbepPqqBLrJs="
		},
		"extend": {
			"version": "3.0.2",
			"resolved": "https://registry.npmjs.org/extend/-/extend-3.0.2.tgz",
			"integrity": "sha512-fjquC59cD7CyW6urNXK0FBufkZcoiGG80wTuPujX590cB5Ttln20E2UB4S/WARVqhXffZl2LNgS+gQdPIIim/g=="
		},
		"fast-levenshtein": {
			"version": "2.0.6",
			"resolved": "https://registry.npmjs.org/fast-levenshtein/-/fast-levenshtein-2.0.6.tgz",
			"integrity": "sha1-PYpcZog6FqMMqGQ+hR8Zuqd5eRc="
		},
		"file-uri-to-path": {
			"version": "1.0.0",
			"resolved": "https://registry.npmjs.org/file-uri-to-path/-/file-uri-to-path-1.0.0.tgz",
			"integrity": "sha512-0Zt+s3L7Vf1biwWZ29aARiVYLx7iMGnEUl9x33fbB/j3jR81u/O2LbqK+Bm1CDSNDKVtJ/YjwY7TUd5SkeLQLw=="
		},
		"form-data": {
			"version": "2.3.2",
			"resolved": "https://registry.npmjs.org/form-data/-/form-data-2.3.2.tgz",
			"integrity": "sha1-SXBJi+YEwgwAXU9cI67NIda0kJk=",
			"requires": {
				"asynckit": "^0.4.0",
				"combined-stream": "1.0.6",
				"mime-types": "^2.1.12"
			}
		},
		"formidable": {
			"version": "1.2.1",
			"resolved": "https://registry.npmjs.org/formidable/-/formidable-1.2.1.tgz",
			"integrity": "sha512-Fs9VRguL0gqGHkXS5GQiMCr1VhZBxz0JnJs4JmMp/2jL18Fmbzvv7vOFRU+U8TBkHEE/CX1qDXzJplVULgsLeg=="
		},
		"ftp": {
			"version": "0.3.10",
			"resolved": "https://registry.npmjs.org/ftp/-/ftp-0.3.10.tgz",
			"integrity": "sha1-kZfYYa2BQvPmPVqDv+TFn3MwiF0=",
			"requires": {
				"readable-stream": "1.1.x",
				"xregexp": "2.0.0"
			},
			"dependencies": {
				"isarray": {
					"version": "0.0.1",
					"resolved": "https://registry.npmjs.org/isarray/-/isarray-0.0.1.tgz",
					"integrity": "sha1-ihis/Kmo9Bd+Cav8YDiTmwXR7t8="
				},
				"readable-stream": {
					"version": "1.1.14",
					"resolved": "http://registry.npmjs.org/readable-stream/-/readable-stream-1.1.14.tgz",
					"integrity": "sha1-fPTFTvZI44EwhMY23SB54WbAgdk=",
					"requires": {
						"core-util-is": "~1.0.0",
						"inherits": "~2.0.1",
						"isarray": "0.0.1",
						"string_decoder": "~0.10.x"
					}
				},
				"string_decoder": {
					"version": "0.10.31",
					"resolved": "https://registry.npmjs.org/string_decoder/-/string_decoder-0.10.31.tgz",
					"integrity": "sha1-YuIDvEF2bGwoyfyEMB2rHFMQ+pQ="
				}
			}
		},
		"get-uri": {
			"version": "2.0.2",
			"resolved": "https://registry.npmjs.org/get-uri/-/get-uri-2.0.2.tgz",
			"integrity": "sha512-ZD325dMZOgerGqF/rF6vZXyFGTAay62svjQIT+X/oU2PtxYpFxvSkbsdi+oxIrsNxlZVd4y8wUDqkaExWTI/Cw==",
			"requires": {
				"data-uri-to-buffer": "1",
				"debug": "2",
				"extend": "3",
				"file-uri-to-path": "1",
				"ftp": "~0.3.10",
				"readable-stream": "2"
			},
			"dependencies": {
				"debug": {
					"version": "2.6.9",
					"resolved": "https://registry.npmjs.org/debug/-/debug-2.6.9.tgz",
					"integrity": "sha512-bC7ElrdJaJnPbAP+1EotYvqZsb3ecl5wi6Bfi6BJTUcNowp6cvspg0jXznRTKDjm/E7AdgFBVeAPVMNcKGsHMA==",
					"requires": {
						"ms": "2.0.0"
					}
				},
				"ms": {
					"version": "2.0.0",
					"resolved": "https://registry.npmjs.org/ms/-/ms-2.0.0.tgz",
					"integrity": "sha1-VgiurfwAvmwpAd9fmGF4jeDVl8g="
				}
			}
		},
		"highlight.js": {
			"version": "9.12.0",
			"resolved": "https://registry.npmjs.org/highlight.js/-/highlight.js-9.12.0.tgz",
			"integrity": "sha1-5tnb5Xy+/mB1HwKvM2GVhwyQwB4="
		},
		"http-errors": {
			"version": "1.6.3",
			"resolved": "http://registry.npmjs.org/http-errors/-/http-errors-1.6.3.tgz",
			"integrity": "sha1-i1VoC7S+KDoLW/TqLjhYC+HZMg0=",
			"requires": {
				"depd": "~1.1.2",
				"inherits": "2.0.3",
				"setprototypeof": "1.1.0",
				"statuses": ">= 1.4.0 < 2"
			}
		},
		"http-proxy-agent": {
			"version": "2.1.0",
			"resolved": "https://registry.npmjs.org/http-proxy-agent/-/http-proxy-agent-2.1.0.tgz",
			"integrity": "sha512-qwHbBLV7WviBl0rQsOzH6o5lwyOIvwp/BdFnvVxXORldu5TmjFfjzBcWUWS5kWAZhmv+JtiDhSuQCp4sBfbIgg==",
			"requires": {
				"agent-base": "4",
				"debug": "3.1.0"
			},
			"dependencies": {
				"debug": {
					"version": "3.1.0",
					"resolved": "https://registry.npmjs.org/debug/-/debug-3.1.0.tgz",
					"integrity": "sha512-OX8XqP7/1a9cqkxYw2yXss15f26NKWBpDXQd0/uK/KPqdQhxbPa994hnzjcE2VqQpDslf55723cKPUOGSmMY3g==",
					"requires": {
						"ms": "2.0.0"
					}
				},
				"ms": {
					"version": "2.0.0",
					"resolved": "https://registry.npmjs.org/ms/-/ms-2.0.0.tgz",
					"integrity": "sha1-VgiurfwAvmwpAd9fmGF4jeDVl8g="
				}
			}
		},
		"https-proxy-agent": {
			"version": "2.2.1",
			"resolved": "https://registry.npmjs.org/https-proxy-agent/-/https-proxy-agent-2.2.1.tgz",
			"integrity": "sha512-HPCTS1LW51bcyMYbxUIOO4HEOlQ1/1qRaFWcyxvwaqUS9TY88aoEuHUY33kuAh1YhVVaDQhLZsnPd+XNARWZlQ==",
			"requires": {
				"agent-base": "^4.1.0",
				"debug": "^3.1.0"
			}
		},
		"humanize-ms": {
			"version": "1.2.1",
			"resolved": "https://registry.npmjs.org/humanize-ms/-/humanize-ms-1.2.1.tgz",
			"integrity": "sha1-xG4xWaKT9riW2ikxbYtv6Lt5u+0=",
			"requires": {
				"ms": "^2.0.0"
			}
		},
		"iconv-lite": {
			"version": "0.4.24",
			"resolved": "https://registry.npmjs.org/iconv-lite/-/iconv-lite-0.4.24.tgz",
			"integrity": "sha512-v3MXnZAcvnywkTUEZomIActle7RXXeedOR31wwl7VlyoXO4Qi9arvSenNQWne1TcRwhCL1HwLI21bEqdpj8/rA==",
			"requires": {
				"safer-buffer": ">= 2.1.2 < 3"
			}
		},
		"inherits": {
			"version": "2.0.3",
			"resolved": "https://registry.npmjs.org/inherits/-/inherits-2.0.3.tgz",
			"integrity": "sha1-Yzwsg+PaQqUC9SRmAiSA9CCCYd4="
		},
		"ip": {
			"version": "1.1.5",
			"resolved": "https://registry.npmjs.org/ip/-/ip-1.1.5.tgz",
			"integrity": "sha1-vd7XARQpCCjAoDnnLvJfWq7ENUo="
		},
		"isarray": {
			"version": "1.0.0",
			"resolved": "https://registry.npmjs.org/isarray/-/isarray-1.0.0.tgz",
			"integrity": "sha1-u5NdSFgsuhaMBoNJV6VKPgcSTxE="
		},
		"levn": {
			"version": "0.3.0",
			"resolved": "https://registry.npmjs.org/levn/-/levn-0.3.0.tgz",
			"integrity": "sha1-OwmSTt+fCDwEkP3UwLxEIeBHZO4=",
			"requires": {
				"prelude-ls": "~1.1.2",
				"type-check": "~0.3.2"
			}
		},
		"lil-uuid": {
			"version": "0.1.1",
			"resolved": "https://registry.npmjs.org/lil-uuid/-/lil-uuid-0.1.1.tgz",
			"integrity": "sha1-+e3PI/AOQr9D8PhD2Y2LU/M0HxY="
		},
		"lodash.chunk": {
			"version": "4.2.0",
			"resolved": "https://registry.npmjs.org/lodash.chunk/-/lodash.chunk-4.2.0.tgz",
			"integrity": "sha1-ZuXOH3btJ7QwPYxlEujRIW6BBrw="
		},
		"lru-cache": {
			"version": "4.1.3",
			"resolved": "https://registry.npmjs.org/lru-cache/-/lru-cache-4.1.3.tgz",
			"integrity": "sha512-fFEhvcgzuIoJVUF8fYr5KR0YqxD238zgObTps31YdADwPPAp82a4M8TrckkWyx7ekNlf9aBcVn81cFwwXngrJA==",
			"requires": {
				"pseudomap": "^1.0.2",
				"yallist": "^2.1.2"
			}
		},
		"mailparser": {
			"version": "0.6.2",
			"resolved": "https://registry.npmjs.org/mailparser/-/mailparser-0.6.2.tgz",
			"integrity": "sha1-A8SGA5vfTfbNO2rcqqxBB9/bwGg=",
			"requires": {
				"encoding": "^0.1.12",
				"mime": "^1.3.4",
				"mimelib": "^0.3.0",
				"uue": "^3.1.0"
			}
		},
		"methods": {
			"version": "1.1.2",
			"resolved": "https://registry.npmjs.org/methods/-/methods-1.1.2.tgz",
			"integrity": "sha1-VSmk1nZUE07cxSZmVoNbD4Ua/O4="
		},
		"mime": {
			"version": "1.6.0",
			"resolved": "https://registry.npmjs.org/mime/-/mime-1.6.0.tgz",
			"integrity": "sha512-x0Vn8spI+wuJ1O6S7gnbaQg8Pxh4NNHb7KSINmEWKiPE4RKOplvijn+NkmYmmRgP68mc70j2EbeTFRsrswaQeg=="
		},
		"mime-db": {
			"version": "1.36.0",
			"resolved": "https://registry.npmjs.org/mime-db/-/mime-db-1.36.0.tgz",
			"integrity": "sha512-L+xvyD9MkoYMXb1jAmzI/lWYAxAMCPvIBSWur0PZ5nOf5euahRLVqH//FKW9mWp2lkqUgYiXPgkzfMUFi4zVDw=="
		},
		"mime-types": {
			"version": "2.1.20",
			"resolved": "https://registry.npmjs.org/mime-types/-/mime-types-2.1.20.tgz",
			"integrity": "sha512-HrkrPaP9vGuWbLK1B1FfgAkbqNjIuy4eHlIYnFi7kamZyLLrGlo2mpcx0bBmNpKqBtYtAfGbodDddIgddSJC2A==",
			"requires": {
				"mime-db": "~1.36.0"
			}
		},
		"mimelib": {
			"version": "0.3.1",
			"resolved": "https://registry.npmjs.org/mimelib/-/mimelib-0.3.1.tgz",
			"integrity": "sha1-eHrdJBXYJ6yzr27EvKHqlZZBiFM=",
			"requires": {
				"addressparser": "~1.0.1",
				"encoding": "~0.1.12"
			}
		},
		"moment": {
			"version": "2.22.2",
			"resolved": "https://registry.npmjs.org/moment/-/moment-2.22.2.tgz",
			"integrity": "sha1-PCV/mDn8DpP/UxSWMiOeuQeD/2Y="
		},
		"moment-timezone": {
			"version": "0.5.21",
			"resolved": "https://registry.npmjs.org/moment-timezone/-/moment-timezone-0.5.21.tgz",
			"integrity": "sha512-j96bAh4otsgj3lKydm3K7kdtA3iKf2m6MY2iSYCzCm5a1zmHo1g+aK3068dDEeocLZQIS9kU8bsdQHLqEvgW0A==",
			"requires": {
				"moment": ">= 2.9.0"
			}
		},
		"mongodb": {
			"version": "2.2.31",
			"resolved": "https://registry.npmjs.org/mongodb/-/mongodb-2.2.31.tgz",
			"integrity": "sha1-GUBEXGYeGSF7s7+CRdmFSq71SNs=",
			"requires": {
				"es6-promise": "3.2.1",
				"mongodb-core": "2.1.15",
				"readable-stream": "2.2.7"
			}
		},
		"mongodb-core": {
			"version": "2.1.15",
			"resolved": "https://registry.npmjs.org/mongodb-core/-/mongodb-core-2.1.15.tgz",
			"integrity": "sha1-hB9TuH//9MdFgYnDXIroJ+EWl2Q=",
			"requires": {
				"bson": "~1.0.4",
				"require_optional": "~1.0.0"
			}
		},
		"ms": {
			"version": "2.1.1",
			"resolved": "https://registry.npmjs.org/ms/-/ms-2.1.1.tgz",
			"integrity": "sha512-tgp+dl5cGk28utYktBsrFqA7HKgrhgPsg6Z/EfhWI4gl1Hwq8B/GmY/0oXZ6nF8hDVesS/FpnYaD/kOWhYQvyg=="
		},
		"netmask": {
			"version": "1.0.6",
			"resolved": "https://registry.npmjs.org/netmask/-/netmask-1.0.6.tgz",
			"integrity": "sha1-ICl+idhvb2QA8lDZ9Pa0wZRfzTU="
		},
		"optionator": {
			"version": "0.8.2",
			"resolved": "https://registry.npmjs.org/optionator/-/optionator-0.8.2.tgz",
			"integrity": "sha1-NkxeQJ0/TWMB1sC0wFu6UBgK62Q=",
			"requires": {
				"deep-is": "~0.1.3",
				"fast-levenshtein": "~2.0.4",
				"levn": "~0.3.0",
				"prelude-ls": "~1.1.2",
				"type-check": "~0.3.2",
				"wordwrap": "~1.0.0"
			}
		},
		"pac-proxy-agent": {
			"version": "2.0.2",
			"resolved": "https://registry.npmjs.org/pac-proxy-agent/-/pac-proxy-agent-2.0.2.tgz",
			"integrity": "sha512-cDNAN1Ehjbf5EHkNY5qnRhGPUCp6SnpyVof5fRzN800QV1Y2OkzbH9rmjZkbBRa8igof903yOnjIl6z0SlAhxA==",
			"requires": {
				"agent-base": "^4.2.0",
				"debug": "^3.1.0",
				"get-uri": "^2.0.0",
				"http-proxy-agent": "^2.1.0",
				"https-proxy-agent": "^2.2.1",
				"pac-resolver": "^3.0.0",
				"raw-body": "^2.2.0",
				"socks-proxy-agent": "^3.0.0"
			}
		},
		"pac-resolver": {
			"version": "3.0.0",
			"resolved": "https://registry.npmjs.org/pac-resolver/-/pac-resolver-3.0.0.tgz",
			"integrity": "sha512-tcc38bsjuE3XZ5+4vP96OfhOugrX+JcnpUbhfuc4LuXBLQhoTthOstZeoQJBDnQUDYzYmdImKsbz0xSl1/9qeA==",
			"requires": {
				"co": "^4.6.0",
				"degenerator": "^1.0.4",
				"ip": "^1.1.5",
				"netmask": "^1.0.6",
				"thunkify": "^2.1.2"
			}
		},
		"prelude-ls": {
			"version": "1.1.2",
			"resolved": "https://registry.npmjs.org/prelude-ls/-/prelude-ls-1.1.2.tgz",
			"integrity": "sha1-IZMqVJ9eUv/ZqCf1cOBL5iqX2lQ="
		},
		"process-nextick-args": {
			"version": "1.0.7",
			"resolved": "https://registry.npmjs.org/process-nextick-args/-/process-nextick-args-1.0.7.tgz",
			"integrity": "sha1-FQ4gt1ZZCtP5EJPyWk8q2L/zC6M="
		},
		"proxy-agent": {
			"version": "2.3.1",
			"resolved": "http://registry.npmjs.org/proxy-agent/-/proxy-agent-2.3.1.tgz",
			"integrity": "sha512-CNKuhC1jVtm8KJYFTS2ZRO71VCBx3QSA92So/e6NrY6GoJonkx3Irnk4047EsCcswczwqAekRj3s8qLRGahSKg==",
			"requires": {
				"agent-base": "^4.2.0",
				"debug": "^3.1.0",
				"http-proxy-agent": "^2.1.0",
				"https-proxy-agent": "^2.2.1",
				"lru-cache": "^4.1.2",
				"pac-proxy-agent": "^2.0.1",
				"proxy-from-env": "^1.0.0",
				"socks-proxy-agent": "^3.0.0"
			}
		},
		"proxy-from-env": {
			"version": "1.0.0",
			"resolved": "https://registry.npmjs.org/proxy-from-env/-/proxy-from-env-1.0.0.tgz",
			"integrity": "sha1-M8UDmPcOp+uW0h97gXYwpVeRx+4="
		},
		"pseudomap": {
			"version": "1.0.2",
			"resolved": "https://registry.npmjs.org/pseudomap/-/pseudomap-1.0.2.tgz",
			"integrity": "sha1-8FKijacOYYkX7wqKw0wa5aaChrM="
		},
		"pubnub": {
			"version": "4.21.5",
			"resolved": "https://registry.npmjs.org/pubnub/-/pubnub-4.21.5.tgz",
			"integrity": "sha512-+sTyoVVCSfYL45M5wrRJ+gcXs8ij/yjs+/K7+kJWHXNR8XVUvZP+QGH+OSiOsHyWZ2U1t1J4QGUzXtppfn7dRg==",
			"requires": {
				"agentkeepalive": "^3.5.1",
				"lil-uuid": "^0.1.1",
				"superagent": "^3.8.1",
				"superagent-proxy": "^1.0.3"
			}
		},
		"qs": {
			"version": "6.5.2",
			"resolved": "https://registry.npmjs.org/qs/-/qs-6.5.2.tgz",
			"integrity": "sha512-N5ZAX4/LxJmF+7wN74pUD6qAh9/wnvdQcjq9TZjevvXzSUo7bfmw91saqMjzGS2xq91/odN2dW/WOl7qQHNDGA=="
		},
		"raw-body": {
			"version": "2.3.3",
			"resolved": "https://registry.npmjs.org/raw-body/-/raw-body-2.3.3.tgz",
			"integrity": "sha512-9esiElv1BrZoI3rCDuOuKCBRbuApGGaDPQfjSflGxdy4oyzqghxu6klEkkVIvBje+FF0BX9coEv8KqW6X/7njw==",
			"requires": {
				"bytes": "3.0.0",
				"http-errors": "1.6.3",
				"iconv-lite": "0.4.23",
				"unpipe": "1.0.0"
			},
			"dependencies": {
				"iconv-lite": {
					"version": "0.4.23",
					"resolved": "https://registry.npmjs.org/iconv-lite/-/iconv-lite-0.4.23.tgz",
					"integrity": "sha512-neyTUVFtahjf0mB3dZT77u+8O0QB89jFdnBkd5P1JgYPbPaia3gXXOVL2fq8VyU2gMMD7SaN7QukTB/pmXYvDA==",
					"requires": {
						"safer-buffer": ">= 2.1.2 < 3"
					}
				}
			}
		},
		"readable-stream": {
			"version": "2.2.7",
			"resolved": "https://registry.npmjs.org/readable-stream/-/readable-stream-2.2.7.tgz",
			"integrity": "sha1-BwV6y+JGeyIELTb5jFrVBwVOlbE=",
			"requires": {
				"buffer-shims": "~1.0.0",
				"core-util-is": "~1.0.0",
				"inherits": "~2.0.1",
				"isarray": "~1.0.0",
				"process-nextick-args": "~1.0.6",
				"string_decoder": "~1.0.0",
				"util-deprecate": "~1.0.1"
			}
		},
		"require_optional": {
			"version": "1.0.1",
			"resolved": "https://registry.npmjs.org/require_optional/-/require_optional-1.0.1.tgz",
			"integrity": "sha512-qhM/y57enGWHAe3v/NcwML6a3/vfESLe/sGM2dII+gEO0BpKRUkWZow/tyloNqJyN6kXSl3RyyM8Ll5D/sJP8g==",
			"requires": {
				"resolve-from": "^2.0.0",
				"semver": "^5.1.0"
			}
		},
		"resolve-from": {
			"version": "2.0.0",
			"resolved": "https://registry.npmjs.org/resolve-from/-/resolve-from-2.0.0.tgz",
			"integrity": "sha1-lICrIOlP+h2egKgEx+oUdhGWa1c="
		},
		"safe-buffer": {
			"version": "5.1.2",
			"resolved": "https://registry.npmjs.org/safe-buffer/-/safe-buffer-5.1.2.tgz",
			"integrity": "sha512-Gd2UZBJDkXlY7GbJxfsE8/nvKkUEU1G38c1siN6QP6a9PT9MmHB8GnpscSmMJSoF8LOIrt8ud/wPtojys4G6+g=="
		},
		"safer-buffer": {
			"version": "2.1.2",
			"resolved": "https://registry.npmjs.org/safer-buffer/-/safer-buffer-2.1.2.tgz",
			"integrity": "sha512-YZo3K82SD7Riyi0E1EQPojLz7kpepnSQI9IyPbHHg1XXXevb5dJI7tpyN2ADxGcQbHG7vcyRHk0cbwqcQriUtg=="
		},
		"semver": {
			"version": "5.5.1",
			"resolved": "https://registry.npmjs.org/semver/-/semver-5.5.1.tgz",
			"integrity": "sha512-PqpAxfrEhlSUWge8dwIp4tZnQ25DIOthpiaHNIthsjEFQD6EvqUKUDM7L8O2rShkFccYo1VjJR0coWfNkCubRw=="
		},
		"sendgrid": {
			"version": "5.2.3",
			"resolved": "https://registry.npmjs.org/sendgrid/-/sendgrid-5.2.3.tgz",
			"integrity": "sha512-FD7oR9TbJFUew1p0Vw9JX0wBetDyq634LzylSXz4n9+hwaf+6a9dNloZl8CcjpsX4NuEc3HJanTN4GjDwNyi4A==",
			"requires": {
				"async.ensureasync": "^0.5.2",
				"async.queue": "^0.5.2",
				"bottleneck": "^1.12.0",
				"debug": "^2.2.0",
				"lodash.chunk": "^4.2.0",
				"mailparser": "^0.6.1",
				"sendgrid-rest": "^2.3.0"
			},
			"dependencies": {
				"debug": {
					"version": "2.6.9",
					"resolved": "https://registry.npmjs.org/debug/-/debug-2.6.9.tgz",
					"integrity": "sha512-bC7ElrdJaJnPbAP+1EotYvqZsb3ecl5wi6Bfi6BJTUcNowp6cvspg0jXznRTKDjm/E7AdgFBVeAPVMNcKGsHMA==",
					"requires": {
						"ms": "2.0.0"
					}
				},
				"ms": {
					"version": "2.0.0",
					"resolved": "https://registry.npmjs.org/ms/-/ms-2.0.0.tgz",
					"integrity": "sha1-VgiurfwAvmwpAd9fmGF4jeDVl8g="
				}
			}
		},
		"sendgrid-rest": {
			"version": "2.4.0",
			"resolved": "https://registry.npmjs.org/sendgrid-rest/-/sendgrid-rest-2.4.0.tgz",
			"integrity": "sha512-3VRHhTnln17jPQNzBjEHO6u2Y7kLlhVnOvX0aGjr7yRVZpq5LXo0ilAFMsaHUfKVH+jFdCrHMAVLOAdtu6wLJA=="
		},
		"setprototypeof": {
			"version": "1.1.0",
			"resolved": "https://registry.npmjs.org/setprototypeof/-/setprototypeof-1.1.0.tgz",
			"integrity": "sha512-BvE/TwpZX4FXExxOxZyRGQQv651MSwmWKZGqvmPcRIjDqWub67kTKuIMx43cZZrS/cBBzwBcNDWoFxt2XEFIpQ=="
		},
		"smart-buffer": {
			"version": "1.1.15",
			"resolved": "https://registry.npmjs.org/smart-buffer/-/smart-buffer-1.1.15.tgz",
			"integrity": "sha1-fxFLW2X6s+KjWqd1uxLw0cZJvxY="
		},
		"socks": {
			"version": "1.1.10",
			"resolved": "https://registry.npmjs.org/socks/-/socks-1.1.10.tgz",
			"integrity": "sha1-W4t/x8jzQcU+0FbpKbe/Tei6e1o=",
			"requires": {
				"ip": "^1.1.4",
				"smart-buffer": "^1.0.13"
			}
		},
		"socks-proxy-agent": {
			"version": "3.0.1",
			"resolved": "https://registry.npmjs.org/socks-proxy-agent/-/socks-proxy-agent-3.0.1.tgz",
			"integrity": "sha512-ZwEDymm204mTzvdqyUqOdovVr2YRd2NYskrYrF2LXyZ9qDiMAoFESGK8CRphiO7rtbo2Y757k2Nia3x2hGtalA==",
			"requires": {
				"agent-base": "^4.1.0",
				"socks": "^1.1.10"
			}
		},
		"source-map": {
			"version": "0.6.1",
			"resolved": "https://registry.npmjs.org/source-map/-/source-map-0.6.1.tgz",
			"integrity": "sha512-UjgapumWlbMhkBgzT7Ykc5YXUT46F0iKu8SGXq0bcwP5dz/h0Plj6enJqjz1Zbq2l5WaqYnrVbwWOWMyF3F47g==",
			"optional": true
		},
		"statuses": {
			"version": "1.5.0",
			"resolved": "https://registry.npmjs.org/statuses/-/statuses-1.5.0.tgz",
			"integrity": "sha1-Fhx9rBd2Wf2YEfQ3cfqZOBR4Yow="
		},
		"strftime": {
			"version": "0.10.0",
			"resolved": "https://registry.npmjs.org/strftime/-/strftime-0.10.0.tgz",
			"integrity": "sha1-s/D6QZKVICpaKJ9ta+n0kJphcZM="
		},
		"string_decoder": {
			"version": "1.0.3",
			"resolved": "https://registry.npmjs.org/string_decoder/-/string_decoder-1.0.3.tgz",
			"integrity": "sha512-4AH6Z5fzNNBcH+6XDMfA/BTt87skxqJlO0lAh3Dker5zThcAxG6mKz+iGu308UKoPPQ8Dcqx/4JhujzltRa+hQ==",
			"requires": {
				"safe-buffer": "~5.1.0"
			}
		},
		"superagent": {
			"version": "3.8.3",
			"resolved": "https://registry.npmjs.org/superagent/-/superagent-3.8.3.tgz",
			"integrity": "sha512-GLQtLMCoEIK4eDv6OGtkOoSMt3D+oq0y3dsxMuYuDvaNUvuT8eFBuLmfR0iYYzHC1e8hpzC6ZsxbuP6DIalMFA==",
			"requires": {
				"component-emitter": "^1.2.0",
				"cookiejar": "^2.1.0",
				"debug": "^3.1.0",
				"extend": "^3.0.0",
				"form-data": "^2.3.1",
				"formidable": "^1.2.0",
				"methods": "^1.1.1",
				"mime": "^1.4.1",
				"qs": "^6.5.1",
				"readable-stream": "^2.3.5"
			},
			"dependencies": {
				"process-nextick-args": {
					"version": "2.0.0",
					"resolved": "https://registry.npmjs.org/process-nextick-args/-/process-nextick-args-2.0.0.tgz",
					"integrity": "sha512-MtEC1TqN0EU5nephaJ4rAtThHtC86dNN9qCuEhtshvpVBkAW5ZO7BASN9REnF9eoXGcRub+pFuKEpOHE+HbEMw=="
				},
				"readable-stream": {
					"version": "2.3.6",
					"resolved": "http://registry.npmjs.org/readable-stream/-/readable-stream-2.3.6.tgz",
					"integrity": "sha512-tQtKA9WIAhBF3+VLAseyMqZeBjW0AHJoxOtYqSUZNJxauErmLbVm2FW1y+J/YA9dUrAC39ITejlZWhVIwawkKw==",
					"requires": {
						"core-util-is": "~1.0.0",
						"inherits": "~2.0.3",
						"isarray": "~1.0.0",
						"process-nextick-args": "~2.0.0",
						"safe-buffer": "~5.1.1",
						"string_decoder": "~1.1.1",
						"util-deprecate": "~1.0.1"
					}
				},
				"string_decoder": {
					"version": "1.1.1",
					"resolved": "https://registry.npmjs.org/string_decoder/-/string_decoder-1.1.1.tgz",
					"integrity": "sha512-n/ShnvDi6FHbbVfviro+WojiFzv+s8MPMHBczVePfUpDJLwoLT0ht1l4YwBCbi8pJAveEEdnkHyPyTP/mzRfwg==",
					"requires": {
						"safe-buffer": "~5.1.0"
					}
				}
			}
		},
		"superagent-proxy": {
			"version": "1.0.3",
			"resolved": "http://registry.npmjs.org/superagent-proxy/-/superagent-proxy-1.0.3.tgz",
			"integrity": "sha512-79Ujg1lRL2ICfuHUdX+H2MjIw73kB7bXsIkxLwHURz3j0XUmEEEoJ+u/wq+mKwna21Uejsm2cGR3OESA00TIjA==",
			"requires": {
				"debug": "^3.1.0",
				"proxy-agent": "2"
			}
		},
		"thunkify": {
			"version": "2.1.2",
			"resolved": "https://registry.npmjs.org/thunkify/-/thunkify-2.1.2.tgz",
			"integrity": "sha1-+qDp0jDFGsyVyhOjYawFyn4EVT0="
		},
		"type-check": {
			"version": "0.3.2",
			"resolved": "https://registry.npmjs.org/type-check/-/type-check-0.3.2.tgz",
			"integrity": "sha1-WITKtRLPHTVeP7eE8wgEsrUg23I=",
			"requires": {
				"prelude-ls": "~1.1.2"
			}
		},
		"unpipe": {
			"version": "1.0.0",
			"resolved": "https://registry.npmjs.org/unpipe/-/unpipe-1.0.0.tgz",
			"integrity": "sha1-sr9O6FFKrmFltIF4KdIbLvSZBOw="
		},
		"util-deprecate": {
			"version": "1.0.2",
			"resolved": "https://registry.npmjs.org/util-deprecate/-/util-deprecate-1.0.2.tgz",
			"integrity": "sha1-RQ1Nyfpw3nMnYvvS1KKJgUGaDM8="
		},
		"uue": {
			"version": "3.1.2",
			"resolved": "https://registry.npmjs.org/uue/-/uue-3.1.2.tgz",
			"integrity": "sha512-axKLXVqwtdI/czrjG0X8hyV1KLgeWx8F4KvSbvVCnS+RUvsQMGRjx0kfuZDXXqj0LYvVJmx3B9kWlKtEdRrJLg==",
			"requires": {
				"escape-string-regexp": "~1.0.5",
				"extend": "~3.0.0"
			}
		},
		"wordwrap": {
			"version": "1.0.0",
			"resolved": "https://registry.npmjs.org/wordwrap/-/wordwrap-1.0.0.tgz",
			"integrity": "sha1-J1hIEIkUVqQXHI0CJkQa3pDLyus="
		},
		"xregexp": {
			"version": "2.0.0",
			"resolved": "https://registry.npmjs.org/xregexp/-/xregexp-2.0.0.tgz",
			"integrity": "sha1-UqY+VsoLhKfzpfPWGHLxJq16WUM="
		},
		"yallist": {
			"version": "2.1.2",
			"resolved": "https://registry.npmjs.org/yallist/-/yallist-2.1.2.tgz",
			"integrity": "sha1-HBH5IY8HYImkfdUS+TxmmaaoHVI="
		}
	}
}
